Microsoft Visual Studio Solution File, Format Version 12.00
# Visual Studio 14
VisualStudioVersion = 14.0.25420.1
MinimumVisualStudioVersion = 10.0.40219.1
Project("{8BC9CEB8-8B4A-11D0-8D11-00A0C91BC942}") = "NktHookLib_2015", "NktHookLib\NktHookLib_2015.vcxproj", "{854B69BD-B848-453D-ACF9-FF75EA628DAA}"
	ProjectSection(ProjectDependencies) = postProject
		{E36F841B-7542-4C90-A9B6-7FC53B533A14} = {E36F841B-7542-4C90-A9B6-7FC53B533A14}
	EndProjectSection
EndProject
Project("{8BC9CEB8-8B4A-11D0-8D11-00A0C91BC942}") = "DeviareLiteCOM_2015", "DeviareLiteCOM\DeviareLiteCOM_2015.vcxproj", "{0F79BD19-F305-4C06-8EBD-8BD7251ADB22}"
	ProjectSection(ProjectDependencies) = postProject
		{854B69BD-B848-453D-ACF9-FF75EA628DAA} = {854B69BD-B848-453D-ACF9-FF75EA628DAA}
	EndProjectSection
EndProject
Project("{FAE04EC0-301F-11D3-BF4B-00C04F79EFBC}") = "DeviareLiteInterop_2015", "DeviareLiteInterop\DeviareLiteInterop_2015.csproj", "{AD8D0F36-E576-4249-8523-EA84FE5A4E47}"
	ProjectSection(ProjectDependencies) = postProject
		{0F79BD19-F305-4C06-8EBD-8BD7251ADB22} = {0F79BD19-F305-4C06-8EBD-8BD7251ADB22}
	EndProjectSection
EndProject
Project("{8BC9CEB8-8B4A-11D0-8D11-00A0C91BC942}") = "Obj2Inc", "Obj2Inc\Obj2Inc.vcxproj", "{E36F841B-7542-4C90-A9B6-7FC53B533A14}"
EndProject
Global
	GlobalSection(SolutionConfigurationPlatforms) = preSolution
		Debug|Win32 = Debug|Win32
		Debug|x64 = Debug|x64
		Release|Win32 = Release|Win32
		Release|x64 = Release|x64
	EndGlobalSection
	GlobalSection(ProjectConfigurationPlatforms) = postSolution
		{854B69BD-B848-453D-ACF9-FF75EA628DAA}.Debug|Win32.ActiveCfg = Debug|Win32
		{854B69BD-B848-453D-ACF9-FF75EA628DAA}.Debug|Win32.Build.0 = Debug|Win32
		{854B69BD-B848-453D-ACF9-FF75EA628DAA}.Debug|x64.ActiveCfg = Debug|x64
		{854B69BD-B848-453D-ACF9-FF75EA628DAA}.Debug|x64.Build.0 = Debug|x64
		{854B69BD-B848-453D-ACF9-FF75EA628DAA}.Release|Win32.ActiveCfg = Release|Win32
		{854B69BD-B848-453D-ACF9-FF75EA628DAA}.Release|Win32.Build.0 = Release|Win32
		{854B69BD-B848-453D-ACF9-FF75EA628DAA}.Release|x64.ActiveCfg = Release|x64
		{854B69BD-B848-453D-ACF9-FF75EA628DAA}.Release|x64.Build.0 = Release|x64
		{0F79BD19-F305-4C06-8EBD-8BD7251ADB22}.Debug|Win32.ActiveCfg = Debug|Win32
		{0F79BD19-F305-4C06-8EBD-8BD7251ADB22}.Debug|Win32.Build.0 = Debug|Win32
		{0F79BD19-F305-4C06-8EBD-8BD7251ADB22}.Debug|x64.ActiveCfg = Debug|x64
		{0F79BD19-F305-4C06-8EBD-8BD7251ADB22}.Debug|x64.Build.0 = Debug|x64
		{0F79BD19-F305-4C06-8EBD-8BD7251ADB22}.Release|Win32.ActiveCfg = Release|Win32
		{0F79BD19-F305-4C06-8EBD-8BD7251ADB22}.Release|Win32.Build.0 = Release|Win32
		{0F79BD19-F305-4C06-8EBD-8BD7251ADB22}.Release|x64.ActiveCfg = Release|x64
		{0F79BD19-F305-4C06-8EBD-8BD7251ADB22}.Release|x64.Build.0 = Release|x64
		{AD8D0F36-E576-4249-8523-EA84FE5A4E47}.Debug|Win32.ActiveCfg = Debug|Any CPU
		{AD8D0F36-E576-4249-8523-EA84FE5A4E47}.Debug|Win32.Build.0 = Debug|Any CPU
		{AD8D0F36-E576-4249-8523-EA84FE5A4E47}.Debug|x64.ActiveCfg = Debug|Any CPU
		{AD8D0F36-E576-4249-8523-EA84FE5A4E47}.Debug|x64.Build.0 = Debug|Any CPU
		{AD8D0F36-E576-4249-8523-EA84FE5A4E47}.Release|Win32.ActiveCfg = Release|Any CPU
		{AD8D0F36-E576-4249-8523-EA84FE5A4E47}.Release|Win32.Build.0 = Release|Any CPU
		{AD8D0F36-E576-4249-8523-EA84FE5A4E47}.Release|x64.ActiveCfg = Release|Any CPU
		{AD8D0F36-E576-4249-8523-EA84FE5A4E47}.Release|x64.Build.0 = Release|Any CPU
		{E36F841B-7542-4C90-A9B6-7FC53B533A14}.Debug|Win32.ActiveCfg = Debug|Win32
		{E36F841B-7542-4C90-A9B6-7FC53B533A14}.Debug|Win32.Build.0 = Debug|Win32
		{E36F841B-7542-4C90-A9B6-7FC53B533A14}.Debug|x64.ActiveCfg = Debug|Win32
		{E36F841B-7542-4C90-A9B6-7FC53B533A14}.Debug|x64.Build.0 = Debug|Win32
		{E36F841B-7542-4C90-A9B6-7FC53B533A14}.Release|Win32.ActiveCfg = Release|Win32
		{E36F841B-7542-4C90-A9B6-7FC53B533A14}.Release|Win32.Build.0 = Release|Win32
		{E36F841B-7542-4C90-A9B6-7FC53B533A14}.Release|x64.ActiveCfg = Release|Win32
		{E36F841B-7542-4C90-A9B6-7FC53B533A14}.Release|x64.Build.0 = Release|Win32
	EndGlobalSection
	GlobalSection(SolutionProperties) = preSolution
		HideSolutionNode = FALSE
	EndGlobalSection
EndGlobal
