
Microsoft Visual Studio Solution File, Format Version 12.00
# Visual Studio 15
VisualStudioVersion = 15.0.26228.4
Project("{8BC9CEB8-8B4A-11D0-8D11-00A0C91BC942}") = "NktHookLib", "NktHookLib.vcxproj", "{BD71A268-5842-4723-BF86-E2B71ACBC262}"
EndProject
Project("{8BC9CEB8-8B4A-11D0-8D11-00A0C91BC942}") = "DeviareLiteCOM", "DeviareLiteCOM.vcxproj", "{D7ED2AB0-91F6-4602-A4C5-925E0446F6AC}"
	ProjectSection(ProjectDependencies) = postProject
		{BD71A268-5842-4723-BF86-E2B71ACBC262} = {BD71A268-5842-4723-BF86-E2B71ACBC262}
	EndProjectSection
EndProject
Project("{FAE04EC0-301F-11D3-BF4B-00C04F79EFBC}") = "DeviareLiteInterop", "DeviareLiteInterop.csproj", "{E085C57E-267F-4F55-9B29-1EC53302DD21}"
	ProjectSection(ProjectDependencies) = postProject
		{D7ED2AB0-91F6-4602-A4C5-925E0446F6AC} = {D7ED2AB0-91F6-4602-A4C5-925E0446F6AC}
	EndProjectSection
EndProject
Global
	GlobalSection(SolutionConfigurationPlatforms) = preSolution
		Debug|Win32 = Debug|Win32
		Debug|x64 = Debug|x64
		Release|Win32 = Release|Win32
		Release|x64 = Release|x64
	EndGlobalSection
	GlobalSection(ProjectConfigurationPlatforms) = postSolution
		{BD71A268-5842-4723-BF86-E2B71ACBC262}.Debug|Win32.ActiveCfg = Debug|Win32
		{BD71A268-5842-4723-BF86-E2B71ACBC262}.Debug|Win32.Build.0 = Debug|Win32
		{BD71A268-5842-4723-BF86-E2B71ACBC262}.Debug|x64.ActiveCfg = Debug|x64
		{BD71A268-5842-4723-BF86-E2B71ACBC262}.Debug|x64.Build.0 = Debug|x64
		{BD71A268-5842-4723-BF86-E2B71ACBC262}.Release|Win32.ActiveCfg = Release|Win32
		{BD71A268-5842-4723-BF86-E2B71ACBC262}.Release|Win32.Build.0 = Release|Win32
		{BD71A268-5842-4723-BF86-E2B71ACBC262}.Release|x64.ActiveCfg = Release|x64
		{BD71A268-5842-4723-BF86-E2B71ACBC262}.Release|x64.Build.0 = Release|x64
		{D7ED2AB0-91F6-4602-A4C5-925E0446F6AC}.Debug|Win32.ActiveCfg = Debug|Win32
		{D7ED2AB0-91F6-4602-A4C5-925E0446F6AC}.Debug|Win32.Build.0 = Debug|Win32
		{D7ED2AB0-91F6-4602-A4C5-925E0446F6AC}.Debug|x64.ActiveCfg = Debug|x64
		{D7ED2AB0-91F6-4602-A4C5-925E0446F6AC}.Debug|x64.Build.0 = Debug|x64
		{D7ED2AB0-91F6-4602-A4C5-925E0446F6AC}.Release|Win32.ActiveCfg = Release|Win32
		{D7ED2AB0-91F6-4602-A4C5-925E0446F6AC}.Release|Win32.Build.0 = Release|Win32
		{D7ED2AB0-91F6-4602-A4C5-925E0446F6AC}.Release|x64.ActiveCfg = Release|x64
		{D7ED2AB0-91F6-4602-A4C5-925E0446F6AC}.Release|x64.Build.0 = Release|x64
		{E085C57E-267F-4F55-9B29-1EC53302DD21}.Debug|Win32.ActiveCfg = Debug|Any CPU
		{E085C57E-267F-4F55-9B29-1EC53302DD21}.Debug|Win32.Build.0 = Debug|Any CPU
		{E085C57E-267F-4F55-9B29-1EC53302DD21}.Debug|x64.ActiveCfg = Debug|Any CPU
		{E085C57E-267F-4F55-9B29-1EC53302DD21}.Debug|x64.Build.0 = Debug|Any CPU
		{E085C57E-267F-4F55-9B29-1EC53302DD21}.Release|Win32.ActiveCfg = Release|Any CPU
		{E085C57E-267F-4F55-9B29-1EC53302DD21}.Release|Win32.Build.0 = Release|Any CPU
		{E085C57E-267F-4F55-9B29-1EC53302DD21}.Release|x64.ActiveCfg = Release|Any CPU
		{E085C57E-267F-4F55-9B29-1EC53302DD21}.Release|x64.Build.0 = Release|Any CPU
	EndGlobalSection
	GlobalSection(SolutionProperties) = preSolution
		HideSolutionNode = FALSE
	EndGlobalSection
EndGlobal
