
Microsoft Visual Studio Solution File, Format Version 11.00
# Visual Studio 2010
Project("{8BC9CEB8-8B4A-11D0-8D11-00A0C91BC942}") = "NktHookLib", "NktHookLib.vcxproj", "{E5BB5B5B-EFFE-4033-84DE-6C13C4E90041}"
EndProject
Project("{8BC9CEB8-8B4A-11D0-8D11-00A0C91BC942}") = "DeviareLiteCOM", "DeviareLiteCOM.vcxproj", "{EF52A17B-2BBE-48ce-BDAE-0AE7554DEDB8}"
	ProjectSection(ProjectDependencies) = postProject
		{E5BB5B5B-EFFE-4033-84DE-6C13C4E90041} = {E5BB5B5B-EFFE-4033-84DE-6C13C4E90041}
	EndProjectSection
EndProject
Project("{FAE04EC0-301F-11D3-BF4B-00C04F79EFBC}") = "DeviareLiteInterop", "DeviareLiteInterop.csproj", "{DCB98241-34C7-46b5-AB92-A835C6CC6EBB}"
	ProjectSection(ProjectDependencies) = postProject
		{EF52A17B-2BBE-48ce-BDAE-0AE7554DEDB8} = {EF52A17B-2BBE-48ce-BDAE-0AE7554DEDB8}
	EndProjectSection
EndProject
Global
	GlobalSection(SolutionConfigurationPlatforms) = preSolution
		Debug|Win32 = Debug|Win32
		Debug|x64 = Debug|x64
		Release|Win32 = Release|Win32
		Release|x64 = Release|x64
	EndGlobalSection
	GlobalSection(ProjectConfigurationPlatforms) = postSolution
		{E5BB5B5B-EFFE-4033-84DE-6C13C4E90041}.Debug|Win32.ActiveCfg = Debug|Win32
		{E5BB5B5B-EFFE-4033-84DE-6C13C4E90041}.Debug|Win32.Build.0 = Debug|Win32
		{E5BB5B5B-EFFE-4033-84DE-6C13C4E90041}.Debug|x64.ActiveCfg = Debug|x64
		{E5BB5B5B-EFFE-4033-84DE-6C13C4E90041}.Debug|x64.Build.0 = Debug|x64
		{E5BB5B5B-EFFE-4033-84DE-6C13C4E90041}.Release|Win32.ActiveCfg = Release|Win32
		{E5BB5B5B-EFFE-4033-84DE-6C13C4E90041}.Release|Win32.Build.0 = Release|Win32
		{E5BB5B5B-EFFE-4033-84DE-6C13C4E90041}.Release|x64.ActiveCfg = Release|x64
		{E5BB5B5B-EFFE-4033-84DE-6C13C4E90041}.Release|x64.Build.0 = Release|x64
		{EF52A17B-2BBE-48ce-BDAE-0AE7554DEDB8}.Debug|Win32.ActiveCfg = Debug|Win32
		{EF52A17B-2BBE-48ce-BDAE-0AE7554DEDB8}.Debug|Win32.Build.0 = Debug|Win32
		{EF52A17B-2BBE-48ce-BDAE-0AE7554DEDB8}.Debug|x64.ActiveCfg = Debug|x64
		{EF52A17B-2BBE-48ce-BDAE-0AE7554DEDB8}.Debug|x64.Build.0 = Debug|x64
		{EF52A17B-2BBE-48ce-BDAE-0AE7554DEDB8}.Release|Win32.ActiveCfg = Release|Win32
		{EF52A17B-2BBE-48ce-BDAE-0AE7554DEDB8}.Release|Win32.Build.0 = Release|Win32
		{EF52A17B-2BBE-48ce-BDAE-0AE7554DEDB8}.Release|x64.ActiveCfg = Release|x64
		{EF52A17B-2BBE-48ce-BDAE-0AE7554DEDB8}.Release|x64.Build.0 = Release|x64
		{DCB98241-34C7-46b5-AB92-A835C6CC6EBB}.Debug|Win32.ActiveCfg = Debug|Any CPU
		{DCB98241-34C7-46b5-AB92-A835C6CC6EBB}.Debug|Win32.Build.0 = Debug|Any CPU
		{DCB98241-34C7-46b5-AB92-A835C6CC6EBB}.Debug|x64.ActiveCfg = Debug|Any CPU
		{DCB98241-34C7-46b5-AB92-A835C6CC6EBB}.Debug|x64.Build.0 = Debug|Any CPU
		{DCB98241-34C7-46b5-AB92-A835C6CC6EBB}.Release|Win32.ActiveCfg = Release|Any CPU
		{DCB98241-34C7-46b5-AB92-A835C6CC6EBB}.Release|Win32.Build.0 = Release|Any CPU
		{DCB98241-34C7-46b5-AB92-A835C6CC6EBB}.Release|x64.ActiveCfg = Release|Any CPU
		{DCB98241-34C7-46b5-AB92-A835C6CC6EBB}.Release|x64.Build.0 = Release|Any CPU
	EndGlobalSection
	GlobalSection(SolutionProperties) = preSolution
		HideSolutionNode = FALSE
	EndGlobalSection
EndGlobal
