
Microsoft Visual Studio Solution File, Format Version 12.00
# Visual Studio 2012
Project("{8BC9CEB8-8B4A-11D0-8D11-00A0C91BC942}") = "Obj2Inc", "Obj2Inc.vcxproj", "{E36F841B-7542-4C90-A9B6-7FC53B533A14}"
EndProject
Global
	GlobalSection(SolutionConfigurationPlatforms) = preSolution
		Debug|Win32 = Debug|Win32
		Release|Win32 = Release|Win32
	EndGlobalSection
	GlobalSection(ProjectConfigurationPlatforms) = postSolution
		{E36F841B-7542-4C90-A9B6-7FC53B533A14}.Debug|Win32.ActiveCfg = Debug|Win32
		{E36F841B-7542-4C90-A9B6-7FC53B533A14}.Debug|Win32.Build.0 = Debug|Win32
		{E36F841B-7542-4C90-A9B6-7FC53B533A14}.Release|Win32.ActiveCfg = Release|Win32
		{E36F841B-7542-4C90-A9B6-7FC53B533A14}.Release|Win32.Build.0 = Release|Win32
	EndGlobalSection
	GlobalSection(SolutionProperties) = preSolution
		HideSolutionNode = FALSE
	EndGlobalSection
EndGlobal
