Microsoft Visual Studio Solution File, Format Version 12.00
# Visual Studio 2012
Project("{8BC9CEB8-8B4A-11D0-8D11-00A0C91BC942}") = "NktHookLib", "NktHookLib.vcxproj", "{9E8586B1-A25A-4479-93F3-304F5BE3FE5A}"
EndProject
Project("{8BC9CEB8-8B4A-11D0-8D11-00A0C91BC942}") = "DeviareLiteCOM", "DeviareLiteCOM.vcxproj", "{9A39360C-3B3D-4eb6-AA2C-FF831FDBBE36}"
	ProjectSection(ProjectDependencies) = postProject
		{9E8586B1-A25A-4479-93F3-304F5BE3FE5A} = {9E8586B1-A25A-4479-93F3-304F5BE3FE5A}
	EndProjectSection
EndProject
Project("{FAE04EC0-301F-11D3-BF4B-00C04F79EFBC}") = "DeviareLiteInterop", "DeviareLiteInterop.csproj", "{60D34AAA-76EE-43d7-A377-6D0864FAE0AE}"
	ProjectSection(ProjectDependencies) = postProject
		{9A39360C-3B3D-4eb6-AA2C-FF831FDBBE36} = {9A39360C-3B3D-4eb6-AA2C-FF831FDBBE36}
	EndProjectSection
EndProject
Global
	GlobalSection(SolutionConfigurationPlatforms) = preSolution
		Debug|Win32 = Debug|Win32
		Debug|x64 = Debug|x64
		Release|Win32 = Release|Win32
		Release|x64 = Release|x64
	EndGlobalSection
	GlobalSection(ProjectConfigurationPlatforms) = postSolution
		{9E8586B1-A25A-4479-93F3-304F5BE3FE5A}.Debug|Win32.ActiveCfg = Debug|Win32
		{9E8586B1-A25A-4479-93F3-304F5BE3FE5A}.Debug|Win32.Build.0 = Debug|Win32
		{9E8586B1-A25A-4479-93F3-304F5BE3FE5A}.Debug|x64.ActiveCfg = Debug|x64
		{9E8586B1-A25A-4479-93F3-304F5BE3FE5A}.Debug|x64.Build.0 = Debug|x64
		{9E8586B1-A25A-4479-93F3-304F5BE3FE5A}.Release|Win32.ActiveCfg = Release|Win32
		{9E8586B1-A25A-4479-93F3-304F5BE3FE5A}.Release|Win32.Build.0 = Release|Win32
		{9E8586B1-A25A-4479-93F3-304F5BE3FE5A}.Release|x64.ActiveCfg = Release|x64
		{9E8586B1-A25A-4479-93F3-304F5BE3FE5A}.Release|x64.Build.0 = Release|x64
		{9A39360C-3B3D-4eb6-AA2C-FF831FDBBE36}.Debug|Win32.ActiveCfg = Debug|Win32
		{9A39360C-3B3D-4eb6-AA2C-FF831FDBBE36}.Debug|Win32.Build.0 = Debug|Win32
		{9A39360C-3B3D-4eb6-AA2C-FF831FDBBE36}.Debug|x64.ActiveCfg = Debug|x64
		{9A39360C-3B3D-4eb6-AA2C-FF831FDBBE36}.Debug|x64.Build.0 = Debug|x64
		{9A39360C-3B3D-4eb6-AA2C-FF831FDBBE36}.Release|Win32.ActiveCfg = Release|Win32
		{9A39360C-3B3D-4eb6-AA2C-FF831FDBBE36}.Release|Win32.Build.0 = Release|Win32
		{9A39360C-3B3D-4eb6-AA2C-FF831FDBBE36}.Release|x64.ActiveCfg = Release|x64
		{9A39360C-3B3D-4eb6-AA2C-FF831FDBBE36}.Release|x64.Build.0 = Release|x64
		{60D34AAA-76EE-43d7-A377-6D0864FAE0AE}.Debug|Win32.ActiveCfg = Debug|Any CPU
		{60D34AAA-76EE-43d7-A377-6D0864FAE0AE}.Debug|Win32.Build.0 = Debug|Any CPU
		{60D34AAA-76EE-43d7-A377-6D0864FAE0AE}.Debug|x64.ActiveCfg = Debug|Any CPU
		{60D34AAA-76EE-43d7-A377-6D0864FAE0AE}.Debug|x64.Build.0 = Debug|Any CPU
		{60D34AAA-76EE-43d7-A377-6D0864FAE0AE}.Release|Win32.ActiveCfg = Release|Any CPU
		{60D34AAA-76EE-43d7-A377-6D0864FAE0AE}.Release|Win32.Build.0 = Release|Any CPU
		{60D34AAA-76EE-43d7-A377-6D0864FAE0AE}.Release|x64.ActiveCfg = Release|Any CPU
		{60D34AAA-76EE-43d7-A377-6D0864FAE0AE}.Release|x64.Build.0 = Release|Any CPU
	EndGlobalSection
	GlobalSection(SolutionProperties) = preSolution
		HideSolutionNode = FALSE
	EndGlobalSection
EndGlobal
